// !$*UTF8*$!
{
	archiveVersion = 1;
	classes = {
	};
	objectVersion = 48;
	objects = {

/* Begin PBXBuildFile section */
		C79F99FE1FC295AE00CCABC1 /* AppDelegate.swift in Sources */ = {isa = PBXBuildFile; fileRef = C79F99FD1FC295AE00CCABC1 /* AppDelegate.swift */; };
		C79F9A001FC295AE00CCABC1 /* ViewController.swift in Sources */ = {isa = PBXBuildFile; fileRef = C79F99FF1FC295AE00CCABC1 /* ViewController.swift */; };
		C79F9A031FC295AE00CCABC1 /* Main.storyboard in Resources */ = {isa = PBXBuildFile; fileRef = C79F9A011FC295AE00CCABC1 /* Main.storyboard */; };
		C79F9A051FC295AE00CCABC1 /* Assets.xcassets in Resources */ = {isa = PBXBuildFile; fileRef = C79F9A041FC295AE00CCABC1 /* Assets.xcassets */; };
		C79F9A081FC295AE00CCABC1 /* LaunchScreen.storyboard in Resources */ = {isa = PBXBuildFile; fileRef = C79F9A061FC295AE00CCABC1 /* LaunchScreen.storyboard */; };
		C79F9A101FC2961C00CCABC1 /* MinimalCheckbox.swift in Sources */ = {isa = PBXBuildFile; fileRef = C79F9A0F1FC2961C00CCABC1 /* MinimalCheckbox.swift */; };
/* End PBXBuildFile section */

/* Begin PBXFileReference section */
		C79F99FA1FC295AE00CCABC1 /* MinimalCheckbox.app */ = {isa = PBXFileReference; explicitFileType = wrapper.application; includeInIndex = 0; path = MinimalCheckbox.app; sourceTree = BUILT_PRODUCTS_DIR; };
		C79F99FD1FC295AE00CCABC1 /* AppDelegate.swift */ = {isa = PBXFileReference; lastKnownFileType = sourcecode.swift; path = AppDelegate.swift; sourceTree = "<group>"; };
		C79F99FF1FC295AE00CCABC1 /* ViewController.swift */ = {isa = PBXFileReference; lastKnownFileType = sourcecode.swift; path = ViewController.swift; sourceTree = "<group>"; };
		C79F9A021FC295AE00CCABC1 /* Base */ = {isa = PBXFileReference; lastKnownFileType = file.storyboard; name = Base; path = Base.lproj/Main.storyboard; sourceTree = "<group>"; };
		C79F9A041FC295AE00CCABC1 /* Assets.xcassets */ = {isa = PBXFileReference; lastKnownFileType = folder.assetcatalog; path = Assets.xcassets; sourceTree = "<group>"; };
		C79F9A071FC295AE00CCABC1 /* Base */ = {isa = PBXFileReference; lastKnownFileType = file.storyboard; name = Base; path = Base.lproj/LaunchScreen.storyboard; sourceTree = "<group>"; };
		C79F9A091FC295AE00CCABC1 /* Info.plist */ = {isa = PBXFileReference; lastKnownFileType = text.plist.xml; path = Info.plist; sourceTree = "<group>"; };
		C79F9A0F1FC2961C00CCABC1 /* MinimalCheckbox.swift */ = {isa = PBXFileReference; fileEncoding = 4; lastKnownFileType = sourcecode.swift; path = MinimalCheckbox.swift; sourceTree = "<group>"; };
/* End PBXFileReference section */

/* Begin PBXFrameworksBuildPhase section */
		C79F99F71FC295AE00CCABC1 /* Frameworks */ = {
			isa = PBXFrameworksBuildPhase;
			buildActionMask = 2147483647;
			files = (
			);
			runOnlyForDeploymentPostprocessing = 0;
		};
/* End PBXFrameworksBuildPhase section */

/* Begin PBXGroup section */
		C79F99F11FC295AE00CCABC1 = {
			isa = PBXGroup;
			children = (
				C79F99FC1FC295AE00CCABC1 /* MinimalCheckbox */,
				C79F99FB1FC295AE00CCABC1 /* Products */,
			);
			sourceTree = "<group>";
		};
		C79F99FB1FC295AE00CCABC1 /* Products */ = {
			isa = PBXGroup;
			children = (
				C79F99FA1FC295AE00CCABC1 /* MinimalCheckbox.app */,
			);
			name = Products;
			sourceTree = "<group>";
		};
		C79F99FC1FC295AE00CCABC1 /* MinimalCheckbox */ = {
			isa = PBXGroup;
			children = (
				C79F99FD1FC295AE00CCABC1 /* AppDelegate.swift */,
				C79F99FF1FC295AE00CCABC1 /* ViewController.swift */,
				C79F9A0F1FC2961C00CCABC1 /* MinimalCheckbox.swift */,
				C79F9A011FC295AE00CCABC1 /* Main.storyboard */,
				C79F9A041FC295AE00CCABC1 /* Assets.xcassets */,
				C79F9A061FC295AE00CCABC1 /* LaunchScreen.storyboard */,
				C79F9A091FC295AE00CCABC1 /* Info.plist */,
			);
			path = MinimalCheckbox;
			sourceTree = "<group>";
		};
/* End PBXGroup section */

/* Begin PBXNativeTarget section */
		C79F99F91FC295AE00CCABC1 /* MinimalCheckbox */ = {
			isa = PBXNativeTarget;
			buildConfigurationList = C79F9A0C1FC295AE00CCABC1 /* Build configuration list for PBXNativeTarget "MinimalCheckbox" */;
			buildPhases = (
				C79F99F61FC295AE00CCABC1 /* Sources */,
				C79F99F71FC295AE00CCABC1 /* Frameworks */,
				C79F99F81FC295AE00CCABC1 /* Resources */,
			);
			buildRules = (
			);
			dependencies = (
			);
			name = MinimalCheckbox;
			productName = MinimalCheckbox;
			productReference = C79F99FA1FC295AE00CCABC1 /* MinimalCheckbox.app */;
			productType = "com.apple.product-type.application";
		};
/* End PBXNativeTarget section */

/* Begin PBXProject section */
		C79F99F21FC295AE00CCABC1 /* Project object */ = {
			isa = PBXProject;
			attributes = {
				LastSwiftUpdateCheck = 0910;
				LastUpgradeCheck = 0910;
				ORGANIZATIONNAME = "Saatvik Arya";
				TargetAttributes = {
					C79F99F91FC295AE00CCABC1 = {
						CreatedOnToolsVersion = 9.1;
						ProvisioningStyle = Automatic;
					};
				};
			};
			buildConfigurationList = C79F99F51FC295AE00CCABC1 /* Build configuration list for PBXProject "MinimalCheckbox" */;
			compatibilityVersion = "Xcode 8.0";
			developmentRegion = en;
			hasScannedForEncodings = 0;
			knownRegions = (
				en,
				Base,
			);
			mainGroup = C79F99F11FC295AE00CCABC1;
			productRefGroup = C79F99FB1FC295AE00CCABC1 /* Products */;
			projectDirPath = "";
			projectRoot = "";
			targets = (
				C79F99F91FC295AE00CCABC1 /* MinimalCheckbox */,
			);
		};
/* End PBXProject section */

/* Begin PBXResourcesBuildPhase section */
		C79F99F81FC295AE00CCABC1 /* Resources */ = {
			isa = PBXResourcesBuildPhase;
			buildActionMask = 2147483647;
			files = (
				C79F9A081FC295AE00CCABC1 /* LaunchScreen.storyboard in Resources */,
				C79F9A051FC295AE00CCABC1 /* Assets.xcassets in Resources */,
				C79F9A031FC295AE00CCABC1 /* Main.storyboard in Resources */,
			);
			runOnlyForDeploymentPostprocessing = 0;
		};
/* End PBXResourcesBuildPhase section */

/* Begin PBXSourcesBuildPhase section */
		C79F99F61FC295AE00CCABC1 /* Sources */ = {
			isa = PBXSourcesBuildPhase;
			buildActionMask = 2147483647;
			files = (
				C79F9A001FC295AE00CCABC1 /* ViewController.swift in Sources */,
				C79F99FE1FC295AE00CCABC1 /* AppDelegate.swift in Sources */,
				C79F9A101FC2961C00CCABC1 /* MinimalCheckbox.swift in Sources */,
			);
			runOnlyForDeploymentPostprocessing = 0;
		};
/* End PBXSourcesBuildPhase section */

/* Begin PBXVariantGroup section */
		C79F9A011FC295AE00CCABC1 /* Main.storyboard */ = {
			isa = PBXVariantGroup;
			children = (
				C79F9A021FC295AE00CCABC1 /* Base */,
			);
			name = Main.storyboard;
			sourceTree = "<group>";
		};
		C79F9A061FC295AE00CCABC1 /* LaunchScreen.storyboard */ = {
			isa = PBXVariantGroup;
			children = (
				C79F9A071FC295AE00CCABC1 /* Base */,
			);
			name = LaunchScreen.storyboard;
			sourceTree = "<group>";
		};
/* End PBXVariantGroup section */

/* Begin XCBuildConfiguration section */
		C79F9A0A1FC295AE00CCABC1 /* Debug */ = {
			isa = XCBuildConfiguration;
			buildSettings = {
				ALWAYS_SEARCH_USER_PATHS = NO;
				CLANG_ANALYZER_NONNULL = YES;
				CLANG_ANALYZER_NUMBER_OBJECT_CONVERSION = YES_AGGRESSIVE;
				CLANG_CXX_LANGUAGE_STANDARD = "gnu++14";
				CLANG_CXX_LIBRARY = "libc++";
				CLANG_ENABLE_MODULES = YES;
				CLANG_ENABLE_OBJC_ARC = YES;
				CLANG_WARN_BLOCK_CAPTURE_AUTORELEASING = YES;
				CLANG_WARN_BOOL_CONVERSION = YES;
				CLANG_WARN_COMMA = YES;
				CLANG_WARN_CONSTANT_CONVERSION = YES;
				CLANG_WARN_DIRECT_OBJC_ISA_USAGE = YES_ERROR;
				CLANG_WARN_DOCUMENTATION_COMMENTS = YES;
				CLANG_WARN_EMPTY_BODY = YES;
				CLANG_WARN_ENUM_CONVERSION = YES;
				CLANG_WARN_INFINITE_RECURSION = YES;
				CLANG_WARN_INT_CONVERSION = YES;
				CLANG_WARN_NON_LITERAL_NULL_CONVERSION = YES;
				CLANG_WARN_OBJC_LITERAL_CONVERSION = YES;
				CLANG_WARN_OBJC_ROOT_CLASS = YES_ERROR;
				CLANG_WARN_RANGE_LOOP_ANALYSIS = YES;
				CLANG_WARN_STRICT_PROTOTYPES = YES;
				CLANG_WARN_SUSPICIOUS_MOVE = YES;
				CLANG_WARN_UNGUARDED_AVAILABILITY = YES_AGGRESSIVE;
				CLANG_WARN_UNREACHABLE_CODE = YES;
				CLANG_WARN__DUPLICATE_METHOD_MATCH = YES;
				CODE_SIGN_IDENTITY = "iPhone Developer";
				COPY_PHASE_STRIP = NO;
				DEBUG_INFORMATION_FORMAT = dwarf;
				ENABLE_STRICT_OBJC_MSGSEND = YES;
				ENABLE_TESTABILITY = YES;
				GCC_C_LANGUAGE_STANDARD = gnu11;
				GCC_DYNAMIC_NO_PIC = NO;
				GCC_NO_COMMON_BLOCKS = YES;
				GCC_OPTIMIZATION_LEVEL = 0;
				GCC_PREPROCESSOR_DEFINITIONS = (
					"DEBUG=1",
					"$(inherited)",
				);
				GCC_WARN_64_TO_32_BIT_CONVERSION = YES;
				GCC_WARN_ABOUT_RETURN_TYPE = YES_ERROR;
				GCC_WARN_UNDECLARED_SELECTOR = YES;
				GCC_WARN_UNINITIALIZED_AUTOS = YES_AGGRESSIVE;
				GCC_WARN_UNUSED_FUNCTION = YES;
				GCC_WARN_UNUSED_VARIABLE = YES;
				IPHONEOS_DEPLOYMENT_TARGET = 11.1;
				MTL_ENABLE_DEBUG_INFO = YES;
				ONLY_ACTIVE_ARCH = YES;
				SDKROOT = iphoneos;
				SWIFT_ACTIVE_COMPILATION_CONDITIONS = DEBUG;
				SWIFT_OPTIMIZATION_LEVEL = "-Onone";
			};
			name = Debug;
		};
		C79F9A0B1FC295AE00CCABC1 /* Release */ = {
			isa = XCBuildConfiguration;
			buildSettings = {
				ALWAYS_SEARCH_USER_PATHS = NO;
				CLANG_ANALYZER_NONNULL = YES;
				CLANG_ANALYZER_NUMBER_OBJECT_CONVERSION = YES_AGGRESSIVE;
				CLANG_CXX_LANGUAGE_STANDARD = "gnu++14";
				CLANG_CXX_LIBRARY = "libc++";
				CLANG_ENABLE_MODULES = YES;
				CLANG_ENABLE_OBJC_ARC = YES;
				CLANG_WARN_BLOCK_CAPTURE_AUTORELEASING = YES;
				CLANG_WARN_BOOL_CONVERSION = YES;
				CLANG_WARN_COMMA = YES;
				CLANG_WARN_CONSTANT_CONVERSION = YES;
				CLANG_WARN_DIRECT_OBJC_ISA_USAGE = YES_ERROR;
				CLANG_WARN_DOCUMENTATION_COMMENTS = YES;
				CLANG_WARN_EMPTY_BODY = YES;
				CLANG_WARN_ENUM_CONVERSION = YES;
				CLANG_WARN_INFINITE_RECURSION = YES;
				CLANG_WARN_INT_CONVERSION = YES;
				CLANG_WARN_NON_LITERAL_NULL_CONVERSION = YES;
				CLANG_WARN_OBJC_LITERAL_CONVERSION = YES;
				CLANG_WARN_OBJC_ROOT_CLASS = YES_ERROR;
				CLANG_WARN_RANGE_LOOP_ANALYSIS = YES;
				CLANG_WARN_STRICT_PROTOTYPES = YES;
				CLANG_WARN_SUSPICIOUS_MOVE = YES;
				CLANG_WARN_UNGUARDED_AVAILABILITY = YES_AGGRESSIVE;
				CLANG_WARN_UNREACHABLE_CODE = YES;
				CLANG_WARN__DUPLICATE_METHOD_MATCH = YES;
				CODE_SIGN_IDENTITY = "iPhone Developer";
				COPY_PHASE_STRIP = NO;
				DEBUG_INFORMATION_FORMAT = "dwarf-with-dsym";
				ENABLE_NS_ASSERTIONS = NO;
				ENABLE_STRICT_OBJC_MSGSEND = YES;
				GCC_C_LANGUAGE_STANDARD = gnu11;
				GCC_NO_COMMON_BLOCKS = YES;
				GCC_WARN_64_TO_32_BIT_CONVERSION = YES;
				GCC_WARN_ABOUT_RETURN_TYPE = YES_ERROR;
				GCC_WARN_UNDECLARED_SELECTOR = YES;
				GCC_WARN_UNINITIALIZED_AUTOS = YES_AGGRESSIVE;
				GCC_WARN_UNUSED_FUNCTION = YES;
				GCC_WARN_UNUSED_VARIABLE = YES;
				IPHONEOS_DEPLOYMENT_TARGET = 11.1;
				MTL_ENABLE_DEBUG_INFO = NO;
				SDKROOT = iphoneos;
				SWIFT_OPTIMIZATION_LEVEL = "-Owholemodule";
				VALIDATE_PRODUCT = YES;
			};
			name = Release;
		};
		C79F9A0D1FC295AE00CCABC1 /* Debug */ = {
			isa = XCBuildConfiguration;
			buildSettings = {
				ASSETCATALOG_COMPILER_APPICON_NAME = AppIcon;
				CODE_SIGN_STYLE = Automatic;
				DEVELOPMENT_TEAM = LZKU673F93;
				INFOPLIST_FILE = MinimalCheckbox/Info.plist;
				LD_RUNPATH_SEARCH_PATHS = "$(inherited) @executable_path/Frameworks";
				PRODUCT_BUNDLE_IDENTIFIER = me.saatvikarya.MinimalCheckbox;
				PRODUCT_NAME = "$(TARGET_NAME)";
				SWIFT_VERSION = 4.0;
				TARGETED_DEVICE_FAMILY = "1,2";
			};
			name = Debug;
		};
		C79F9A0E1FC295AE00CCABC1 /* Release */ = {
			isa = XCBuildConfiguration;
			buildSettings = {
				ASSETCATALOG_COMPILER_APPICON_NAME = AppIcon;
				CODE_SIGN_STYLE = Automatic;
				DEVELOPMENT_TEAM = LZKU673F93;
				INFOPLIST_FILE = MinimalCheckbox/Info.plist;
				LD_RUNPATH_SEARCH_PATHS = "$(inherited) @executable_path/Frameworks";
				PRODUCT_BUNDLE_IDENTIFIER = me.saatvikarya.MinimalCheckbox;
				PRODUCT_NAME = "$(TARGET_NAME)";
				SWIFT_VERSION = 4.0;
				TARGETED_DEVICE_FAMILY = "1,2";
			};
			name = Release;
		};
/* End XCBuildConfiguration section */

/* Begin XCConfigurationList section */
		C79F99F51FC295AE00CCABC1 /* Build configuration list for PBXProject "MinimalCheckbox" */ = {
			isa = XCConfigurationList;
			buildConfigurations = (
				C79F9A0A1FC295AE00CCABC1 /* Debug */,
				C79F9A0B1FC295AE00CCABC1 /* Release */,
			);
			defaultConfigurationIsVisible = 0;
			defaultConfigurationName = Release;
		};
		C79F9A0C1FC295AE00CCABC1 /* Build configuration list for PBXNativeTarget "MinimalCheckbox" */ = {
			isa = XCConfigurationList;
			buildConfigurations = (
				C79F9A0D1FC295AE00CCABC1 /* Debug */,
				C79F9A0E1FC295AE00CCABC1 /* Release */,
			);
			defaultConfigurationIsVisible = 0;
			defaultConfigurationName = Release;
		};
/* End XCConfigurationList section */
	};
	rootObject = C79F99F21FC295AE00CCABC1 /* Project object */;
}
